
Microsoft Visual Studio Solution File, Format Version 12.00
# Visual Studio Version 17
VisualStudioVersion = 17.0.31903.59
MinimumVisualStudioVersion = 10.0.40219.1
Project("{2150E333-8FDC-42A3-9474-1A3956D46DE8}") = "MiniBank.Mailer", "MiniBank.Mailer", "{0CC67FA9-BFB6-452D-80E8-DF0242FC8F7C}"
EndProject
Project("{FAE04EC0-301F-11D3-BF4B-00C04F79EFBC}") = "MiniBank.Mailer.Tests", "MiniBank.Mailer\MiniBank.Mailer.Tests\MiniBank.Mailer.Tests.csproj", "{397FF948-F3FC-4F5F-BD04-0EDBE617FBDE}"
EndProject
Project("{2150E333-8FDC-42A3-9474-1A3956D46DE8}") = "MiniBank.ApiGateway", "MiniBank.ApiGateway", "{D551BFE2-BF5B-4752-ABD9-007270F4F28E}"
EndProject
Project("{FAE04EC0-301F-11D3-BF4B-00C04F79EFBC}") = "MiniBank.ApiGateway.Api", "MiniBank.ApiGateway\MiniBank.ApiGateway.Api\MiniBank.ApiGateway.Api.csproj", "{0ECD17F3-F167-432F-9BBA-83D0E8D18839}"
EndProject
Project("{2150E333-8FDC-42A3-9474-1A3956D46DE8}") = "MiniBank.Auth", "MiniBank.Auth", "{9DF9F3BC-7CD8-4C90-8EC6-43A22AE68FD3}"
EndProject
Project("{FAE04EC0-301F-11D3-BF4B-00C04F79EFBC}") = "MiniBank.Auth.Api", "MiniBank.Auth\MiniBank.Auth.Api\MiniBank.Auth.Api.csproj", "{093BA91C-892C-4B93-8FF5-465ED297BE5C}"
EndProject
Project("{FAE04EC0-301F-11D3-BF4B-00C04F79EFBC}") = "MiniBank.Auth.Tests", "MiniBank.Auth\MiniBank.Auth.Tests\MiniBank.Auth.Tests.csproj", "{46217B1C-4E85-4E72-8D70-ED1E5E5CAF11}"
EndProject
Project("{2150E333-8FDC-42A3-9474-1A3956D46DE8}") = "MiniBank.Bank", "MiniBank.Bank", "{B104B233-D99D-4B16-840C-82B09E59B414}"
EndProject
Project("{FAE04EC0-301F-11D3-BF4B-00C04F79EFBC}") = "MiniBank.Bank.Api", "MiniBank.Bank\MiniBank.Bank.Api\MiniBank.Bank.Api.csproj", "{6E6FD7B0-C753-4544-BDE6-0D137ACBBFF9}"
EndProject
Project("{FAE04EC0-301F-11D3-BF4B-00C04F79EFBC}") = "MiniBank.Bank.Tests", "MiniBank.Bank\MiniBank.Bank.Tests\MiniBank.Bank.Tests.csproj", "{17E49E2C-4ABA-464C-8754-7D2BC57AB0F4}"
EndProject
Project("{FAE04EC0-301F-11D3-BF4B-00C04F79EFBC}") = "MiniBank.Mailer.Api", "MiniBank.Mailer\MiniBank.Mailer.Api\MiniBank.Mailer.Api.csproj", "{4AC49CAE-5D86-4420-B029-359A7BA0420C}"
EndProject
Project("{FAE04EC0-301F-11D3-BF4B-00C04F79EFBC}") = "MiniBank.Auth.Core", "MiniBank.Auth\MiniBank.Auth.Core\MiniBank.Auth.Core.csproj", "{387A8F15-F79B-4542-81CC-63C12AE8195A}"
EndProject
Project("{FAE04EC0-301F-11D3-BF4B-00C04F79EFBC}") = "MiniBank.Auth.Application", "MiniBank.Auth\MiniBank.Auth.Application\MiniBank.Auth.Application.csproj", "{F3FC2C82-B383-4F6C-9DA4-B2B2A39C5CB0}"
EndProject
Project("{FAE04EC0-301F-11D3-BF4B-00C04F79EFBC}") = "MiniBank.Auth.Infrastructure", "MiniBank.Auth\MiniBank.Auth.Infrastructure\MiniBank.Auth.Infrastructure.csproj", "{72DCFA12-C4C9-4939-8F75-7AA17F4A7FF9}"
EndProject
Project("{FAE04EC0-301F-11D3-BF4B-00C04F79EFBC}") = "MiniBank.Bank.Core", "MiniBank.Bank\MiniBank.Bank.Core\MiniBank.Bank.Core.csproj", "{98D8F4AF-C40C-4DEA-93D9-FBF9ABF842E3}"
EndProject
Project("{FAE04EC0-301F-11D3-BF4B-00C04F79EFBC}") = "MiniBank.Bank.Application", "MiniBank.Bank\MiniBank.Bank.Application\MiniBank.Bank.Application.csproj", "{7F30E907-370A-407C-9919-6DBB8D6F97CC}"
EndProject
Project("{FAE04EC0-301F-11D3-BF4B-00C04F79EFBC}") = "MiniBank.Bank.Infrastructure", "MiniBank.Bank\MiniBank.Bank.Infrastructure\MiniBank.Bank.Infrastructure.csproj", "{C6AEEDFF-B69C-4015-AEFA-07FBC35B5ED6}"
EndProject
Project("{FAE04EC0-301F-11D3-BF4B-00C04F79EFBC}") = "MiniBank.Mailer.Core", "MiniBank.Mailer\MiniBank.Mailer.Core\MiniBank.Mailer.Core.csproj", "{E25E36C0-D2AD-4FA6-91B2-B12D1569D8F6}"
EndProject
Project("{FAE04EC0-301F-11D3-BF4B-00C04F79EFBC}") = "MiniBank.Mailer.Application", "MiniBank.Mailer\MiniBank.Mailer.Application\MiniBank.Mailer.Application.csproj", "{B3829D3D-F18F-4F79-92E5-6D895CE94CCE}"
EndProject
Project("{FAE04EC0-301F-11D3-BF4B-00C04F79EFBC}") = "MiniBank.Mailer.Infrastructure", "MiniBank.Mailer\MiniBank.Mailer.Infrastructure\MiniBank.Mailer.Infrastructure.csproj", "{7FD6BF56-B1E1-46CF-8175-EAA979A30CCB}"
EndProject
Global
	GlobalSection(SolutionConfigurationPlatforms) = preSolution
		Debug|Any CPU = Debug|Any CPU
		Release|Any CPU = Release|Any CPU
	EndGlobalSection
	GlobalSection(SolutionProperties) = preSolution
		HideSolutionNode = FALSE
	EndGlobalSection
	GlobalSection(ProjectConfigurationPlatforms) = postSolution
		{397FF948-F3FC-4F5F-BD04-0EDBE617FBDE}.Debug|Any CPU.ActiveCfg = Debug|Any CPU
		{397FF948-F3FC-4F5F-BD04-0EDBE617FBDE}.Debug|Any CPU.Build.0 = Debug|Any CPU
		{397FF948-F3FC-4F5F-BD04-0EDBE617FBDE}.Release|Any CPU.ActiveCfg = Release|Any CPU
		{397FF948-F3FC-4F5F-BD04-0EDBE617FBDE}.Release|Any CPU.Build.0 = Release|Any CPU
		{0ECD17F3-F167-432F-9BBA-83D0E8D18839}.Debug|Any CPU.ActiveCfg = Debug|Any CPU
		{0ECD17F3-F167-432F-9BBA-83D0E8D18839}.Debug|Any CPU.Build.0 = Debug|Any CPU
		{0ECD17F3-F167-432F-9BBA-83D0E8D18839}.Release|Any CPU.ActiveCfg = Release|Any CPU
		{0ECD17F3-F167-432F-9BBA-83D0E8D18839}.Release|Any CPU.Build.0 = Release|Any CPU
		{093BA91C-892C-4B93-8FF5-465ED297BE5C}.Debug|Any CPU.ActiveCfg = Debug|Any CPU
		{093BA91C-892C-4B93-8FF5-465ED297BE5C}.Debug|Any CPU.Build.0 = Debug|Any CPU
		{093BA91C-892C-4B93-8FF5-465ED297BE5C}.Release|Any CPU.ActiveCfg = Release|Any CPU
		{093BA91C-892C-4B93-8FF5-465ED297BE5C}.Release|Any CPU.Build.0 = Release|Any CPU
		{46217B1C-4E85-4E72-8D70-ED1E5E5CAF11}.Debug|Any CPU.ActiveCfg = Debug|Any CPU
		{46217B1C-4E85-4E72-8D70-ED1E5E5CAF11}.Debug|Any CPU.Build.0 = Debug|Any CPU
		{46217B1C-4E85-4E72-8D70-ED1E5E5CAF11}.Release|Any CPU.ActiveCfg = Release|Any CPU
		{46217B1C-4E85-4E72-8D70-ED1E5E5CAF11}.Release|Any CPU.Build.0 = Release|Any CPU
		{6E6FD7B0-C753-4544-BDE6-0D137ACBBFF9}.Debug|Any CPU.ActiveCfg = Debug|Any CPU
		{6E6FD7B0-C753-4544-BDE6-0D137ACBBFF9}.Debug|Any CPU.Build.0 = Debug|Any CPU
		{6E6FD7B0-C753-4544-BDE6-0D137ACBBFF9}.Release|Any CPU.ActiveCfg = Release|Any CPU
		{6E6FD7B0-C753-4544-BDE6-0D137ACBBFF9}.Release|Any CPU.Build.0 = Release|Any CPU
		{17E49E2C-4ABA-464C-8754-7D2BC57AB0F4}.Debug|Any CPU.ActiveCfg = Debug|Any CPU
		{17E49E2C-4ABA-464C-8754-7D2BC57AB0F4}.Debug|Any CPU.Build.0 = Debug|Any CPU
		{17E49E2C-4ABA-464C-8754-7D2BC57AB0F4}.Release|Any CPU.ActiveCfg = Release|Any CPU
		{17E49E2C-4ABA-464C-8754-7D2BC57AB0F4}.Release|Any CPU.Build.0 = Release|Any CPU
		{4AC49CAE-5D86-4420-B029-359A7BA0420C}.Debug|Any CPU.ActiveCfg = Debug|Any CPU
		{4AC49CAE-5D86-4420-B029-359A7BA0420C}.Debug|Any CPU.Build.0 = Debug|Any CPU
		{4AC49CAE-5D86-4420-B029-359A7BA0420C}.Release|Any CPU.ActiveCfg = Release|Any CPU
		{4AC49CAE-5D86-4420-B029-359A7BA0420C}.Release|Any CPU.Build.0 = Release|Any CPU
		{387A8F15-F79B-4542-81CC-63C12AE8195A}.Debug|Any CPU.ActiveCfg = Debug|Any CPU
		{387A8F15-F79B-4542-81CC-63C12AE8195A}.Debug|Any CPU.Build.0 = Debug|Any CPU
		{387A8F15-F79B-4542-81CC-63C12AE8195A}.Release|Any CPU.ActiveCfg = Release|Any CPU
		{387A8F15-F79B-4542-81CC-63C12AE8195A}.Release|Any CPU.Build.0 = Release|Any CPU
		{F3FC2C82-B383-4F6C-9DA4-B2B2A39C5CB0}.Debug|Any CPU.ActiveCfg = Debug|Any CPU
		{F3FC2C82-B383-4F6C-9DA4-B2B2A39C5CB0}.Debug|Any CPU.Build.0 = Debug|Any CPU
		{F3FC2C82-B383-4F6C-9DA4-B2B2A39C5CB0}.Release|Any CPU.ActiveCfg = Release|Any CPU
		{F3FC2C82-B383-4F6C-9DA4-B2B2A39C5CB0}.Release|Any CPU.Build.0 = Release|Any CPU
		{72DCFA12-C4C9-4939-8F75-7AA17F4A7FF9}.Debug|Any CPU.ActiveCfg = Debug|Any CPU
		{72DCFA12-C4C9-4939-8F75-7AA17F4A7FF9}.Debug|Any CPU.Build.0 = Debug|Any CPU
		{72DCFA12-C4C9-4939-8F75-7AA17F4A7FF9}.Release|Any CPU.ActiveCfg = Release|Any CPU
		{72DCFA12-C4C9-4939-8F75-7AA17F4A7FF9}.Release|Any CPU.Build.0 = Release|Any CPU
		{98D8F4AF-C40C-4DEA-93D9-FBF9ABF842E3}.Debug|Any CPU.ActiveCfg = Debug|Any CPU
		{98D8F4AF-C40C-4DEA-93D9-FBF9ABF842E3}.Debug|Any CPU.Build.0 = Debug|Any CPU
		{98D8F4AF-C40C-4DEA-93D9-FBF9ABF842E3}.Release|Any CPU.ActiveCfg = Release|Any CPU
		{98D8F4AF-C40C-4DEA-93D9-FBF9ABF842E3}.Release|Any CPU.Build.0 = Release|Any CPU
		{7F30E907-370A-407C-9919-6DBB8D6F97CC}.Debug|Any CPU.ActiveCfg = Debug|Any CPU
		{7F30E907-370A-407C-9919-6DBB8D6F97CC}.Debug|Any CPU.Build.0 = Debug|Any CPU
		{7F30E907-370A-407C-9919-6DBB8D6F97CC}.Release|Any CPU.ActiveCfg = Release|Any CPU
		{7F30E907-370A-407C-9919-6DBB8D6F97CC}.Release|Any CPU.Build.0 = Release|Any CPU
		{C6AEEDFF-B69C-4015-AEFA-07FBC35B5ED6}.Debug|Any CPU.ActiveCfg = Debug|Any CPU
		{C6AEEDFF-B69C-4015-AEFA-07FBC35B5ED6}.Debug|Any CPU.Build.0 = Debug|Any CPU
		{C6AEEDFF-B69C-4015-AEFA-07FBC35B5ED6}.Release|Any CPU.ActiveCfg = Release|Any CPU
		{C6AEEDFF-B69C-4015-AEFA-07FBC35B5ED6}.Release|Any CPU.Build.0 = Release|Any CPU
		{E25E36C0-D2AD-4FA6-91B2-B12D1569D8F6}.Debug|Any CPU.ActiveCfg = Debug|Any CPU
		{E25E36C0-D2AD-4FA6-91B2-B12D1569D8F6}.Debug|Any CPU.Build.0 = Debug|Any CPU
		{E25E36C0-D2AD-4FA6-91B2-B12D1569D8F6}.Release|Any CPU.ActiveCfg = Release|Any CPU
		{E25E36C0-D2AD-4FA6-91B2-B12D1569D8F6}.Release|Any CPU.Build.0 = Release|Any CPU
		{B3829D3D-F18F-4F79-92E5-6D895CE94CCE}.Debug|Any CPU.ActiveCfg = Debug|Any CPU
		{B3829D3D-F18F-4F79-92E5-6D895CE94CCE}.Debug|Any CPU.Build.0 = Debug|Any CPU
		{B3829D3D-F18F-4F79-92E5-6D895CE94CCE}.Release|Any CPU.ActiveCfg = Release|Any CPU
		{B3829D3D-F18F-4F79-92E5-6D895CE94CCE}.Release|Any CPU.Build.0 = Release|Any CPU
		{7FD6BF56-B1E1-46CF-8175-EAA979A30CCB}.Debug|Any CPU.ActiveCfg = Debug|Any CPU
		{7FD6BF56-B1E1-46CF-8175-EAA979A30CCB}.Debug|Any CPU.Build.0 = Debug|Any CPU
		{7FD6BF56-B1E1-46CF-8175-EAA979A30CCB}.Release|Any CPU.ActiveCfg = Release|Any CPU
		{7FD6BF56-B1E1-46CF-8175-EAA979A30CCB}.Release|Any CPU.Build.0 = Release|Any CPU
	EndGlobalSection
	GlobalSection(NestedProjects) = preSolution
		{397FF948-F3FC-4F5F-BD04-0EDBE617FBDE} = {0CC67FA9-BFB6-452D-80E8-DF0242FC8F7C}
		{0ECD17F3-F167-432F-9BBA-83D0E8D18839} = {D551BFE2-BF5B-4752-ABD9-007270F4F28E}
		{093BA91C-892C-4B93-8FF5-465ED297BE5C} = {9DF9F3BC-7CD8-4C90-8EC6-43A22AE68FD3}
		{46217B1C-4E85-4E72-8D70-ED1E5E5CAF11} = {9DF9F3BC-7CD8-4C90-8EC6-43A22AE68FD3}
		{6E6FD7B0-C753-4544-BDE6-0D137ACBBFF9} = {B104B233-D99D-4B16-840C-82B09E59B414}
		{17E49E2C-4ABA-464C-8754-7D2BC57AB0F4} = {B104B233-D99D-4B16-840C-82B09E59B414}
		{4AC49CAE-5D86-4420-B029-359A7BA0420C} = {0CC67FA9-BFB6-452D-80E8-DF0242FC8F7C}
		{387A8F15-F79B-4542-81CC-63C12AE8195A} = {9DF9F3BC-7CD8-4C90-8EC6-43A22AE68FD3}
		{F3FC2C82-B383-4F6C-9DA4-B2B2A39C5CB0} = {9DF9F3BC-7CD8-4C90-8EC6-43A22AE68FD3}
		{72DCFA12-C4C9-4939-8F75-7AA17F4A7FF9} = {9DF9F3BC-7CD8-4C90-8EC6-43A22AE68FD3}
		{98D8F4AF-C40C-4DEA-93D9-FBF9ABF842E3} = {B104B233-D99D-4B16-840C-82B09E59B414}
		{7F30E907-370A-407C-9919-6DBB8D6F97CC} = {B104B233-D99D-4B16-840C-82B09E59B414}
		{C6AEEDFF-B69C-4015-AEFA-07FBC35B5ED6} = {B104B233-D99D-4B16-840C-82B09E59B414}
		{E25E36C0-D2AD-4FA6-91B2-B12D1569D8F6} = {0CC67FA9-BFB6-452D-80E8-DF0242FC8F7C}
		{B3829D3D-F18F-4F79-92E5-6D895CE94CCE} = {0CC67FA9-BFB6-452D-80E8-DF0242FC8F7C}
		{7FD6BF56-B1E1-46CF-8175-EAA979A30CCB} = {0CC67FA9-BFB6-452D-80E8-DF0242FC8F7C}
	EndGlobalSection
EndGlobal
